
Microsoft Visual Studio Solution File, Format Version 12.00
# Visual Studio 15
VisualStudioVersion = 15.0.26124.0
MinimumVisualStudioVersion = 15.0.26124.0
Project("{FAE04EC0-301F-11D3-BF4B-00C04F79EFBC}") = "CodEaisy.TinySaas", "CodEaisy.TinySaas\CodEaisy.TinySaas.csproj", "{2555DF41-E6EA-443D-B6BE-7AE5440074A1}"
EndProject
Project("{FAE04EC0-301F-11D3-BF4B-00C04F79EFBC}") = "CodEaisy.TinySaas.Samples.WebApi", "..\samples\WebApi\CodEaisy.TinySaas.Samples.WebApi.csproj", "{7077A246-0EC1-4AC8-9DC2-2C787DF8EEF0}"
EndProject
Project("{FAE04EC0-301F-11D3-BF4B-00C04F79EFBC}") = "CodEaisy.TinySaas.Tests", "..\tests\CodEaisy.TinySaas.Tests\CodEaisy.TinySaas.Tests.csproj", "{E5E0DFC6-C6E4-415B-A46B-105244FC9AFB}"
EndProject
Project("{FAE04EC0-301F-11D3-BF4B-00C04F79EFBC}") = "CodEaisy.TinySaas.AspNetCore", "CodEaisy.TinySaas.AspNetCore\CodEaisy.TinySaas.AspNetCore.csproj", "{A5580700-B39E-4DB3-AE3F-54E341DCA337}"
EndProject
Project("{FAE04EC0-301F-11D3-BF4B-00C04F79EFBC}") = "CodEaisy.TinySaas.Auth", "CodEaisy.TinySaas.Auth\CodEaisy.TinySaas.Auth.csproj", "{6CE7D6BB-1052-47C5-A135-11599E7DB02C}"
EndProject
Project("{2150E333-8FDC-42A3-9474-1A3956D46DE8}") = "tests", "tests", "{18A05EB0-0622-11EB-BFD0-4F1441275F1F}"
EndProject
Project("{2150E333-8FDC-42A3-9474-1A3956D46DE8}") = "samples", "samples", "{406CA9D0-0622-11EB-BFD0-4F1441275F1F}"
EndProject
Global
	GlobalSection(SolutionConfigurationPlatforms) = preSolution
		Debug|Any CPU = Debug|Any CPU
		Debug|x64 = Debug|x64
		Debug|x86 = Debug|x86
		Release|Any CPU = Release|Any CPU
		Release|x64 = Release|x64
		Release|x86 = Release|x86
	EndGlobalSection
	GlobalSection(SolutionProperties) = preSolution
		HideSolutionNode = FALSE
	EndGlobalSection
	GlobalSection(ProjectConfigurationPlatforms) = postSolution
		{2555DF41-E6EA-443D-B6BE-7AE5440074A1}.Debug|Any CPU.ActiveCfg = Debug|Any CPU
		{2555DF41-E6EA-443D-B6BE-7AE5440074A1}.Debug|Any CPU.Build.0 = Debug|Any CPU
		{2555DF41-E6EA-443D-B6BE-7AE5440074A1}.Debug|x64.ActiveCfg = Debug|Any CPU
		{2555DF41-E6EA-443D-B6BE-7AE5440074A1}.Debug|x64.Build.0 = Debug|Any CPU
		{2555DF41-E6EA-443D-B6BE-7AE5440074A1}.Debug|x86.ActiveCfg = Debug|Any CPU
		{2555DF41-E6EA-443D-B6BE-7AE5440074A1}.Debug|x86.Build.0 = Debug|Any CPU
		{2555DF41-E6EA-443D-B6BE-7AE5440074A1}.Release|Any CPU.ActiveCfg = Release|Any CPU
		{2555DF41-E6EA-443D-B6BE-7AE5440074A1}.Release|Any CPU.Build.0 = Release|Any CPU
		{2555DF41-E6EA-443D-B6BE-7AE5440074A1}.Release|x64.ActiveCfg = Release|Any CPU
		{2555DF41-E6EA-443D-B6BE-7AE5440074A1}.Release|x64.Build.0 = Release|Any CPU
		{2555DF41-E6EA-443D-B6BE-7AE5440074A1}.Release|x86.ActiveCfg = Release|Any CPU
		{2555DF41-E6EA-443D-B6BE-7AE5440074A1}.Release|x86.Build.0 = Release|Any CPU
		{7077A246-0EC1-4AC8-9DC2-2C787DF8EEF0}.Debug|Any CPU.ActiveCfg = Debug|Any CPU
		{7077A246-0EC1-4AC8-9DC2-2C787DF8EEF0}.Debug|Any CPU.Build.0 = Debug|Any CPU
		{7077A246-0EC1-4AC8-9DC2-2C787DF8EEF0}.Debug|x64.ActiveCfg = Debug|Any CPU
		{7077A246-0EC1-4AC8-9DC2-2C787DF8EEF0}.Debug|x64.Build.0 = Debug|Any CPU
		{7077A246-0EC1-4AC8-9DC2-2C787DF8EEF0}.Debug|x86.ActiveCfg = Debug|Any CPU
		{7077A246-0EC1-4AC8-9DC2-2C787DF8EEF0}.Debug|x86.Build.0 = Debug|Any CPU
		{7077A246-0EC1-4AC8-9DC2-2C787DF8EEF0}.Release|Any CPU.ActiveCfg = Release|Any CPU
		{7077A246-0EC1-4AC8-9DC2-2C787DF8EEF0}.Release|Any CPU.Build.0 = Release|Any CPU
		{7077A246-0EC1-4AC8-9DC2-2C787DF8EEF0}.Release|x64.ActiveCfg = Release|Any CPU
		{7077A246-0EC1-4AC8-9DC2-2C787DF8EEF0}.Release|x64.Build.0 = Release|Any CPU
		{7077A246-0EC1-4AC8-9DC2-2C787DF8EEF0}.Release|x86.ActiveCfg = Release|Any CPU
		{7077A246-0EC1-4AC8-9DC2-2C787DF8EEF0}.Release|x86.Build.0 = Release|Any CPU
		{E5E0DFC6-C6E4-415B-A46B-105244FC9AFB}.Debug|Any CPU.ActiveCfg = Debug|Any CPU
		{E5E0DFC6-C6E4-415B-A46B-105244FC9AFB}.Debug|Any CPU.Build.0 = Debug|Any CPU
		{E5E0DFC6-C6E4-415B-A46B-105244FC9AFB}.Debug|x64.ActiveCfg = Debug|Any CPU
		{E5E0DFC6-C6E4-415B-A46B-105244FC9AFB}.Debug|x64.Build.0 = Debug|Any CPU
		{E5E0DFC6-C6E4-415B-A46B-105244FC9AFB}.Debug|x86.ActiveCfg = Debug|Any CPU
		{E5E0DFC6-C6E4-415B-A46B-105244FC9AFB}.Debug|x86.Build.0 = Debug|Any CPU
		{E5E0DFC6-C6E4-415B-A46B-105244FC9AFB}.Release|Any CPU.ActiveCfg = Release|Any CPU
		{E5E0DFC6-C6E4-415B-A46B-105244FC9AFB}.Release|Any CPU.Build.0 = Release|Any CPU
		{E5E0DFC6-C6E4-415B-A46B-105244FC9AFB}.Release|x64.ActiveCfg = Release|Any CPU
		{E5E0DFC6-C6E4-415B-A46B-105244FC9AFB}.Release|x64.Build.0 = Release|Any CPU
		{E5E0DFC6-C6E4-415B-A46B-105244FC9AFB}.Release|x86.ActiveCfg = Release|Any CPU
		{E5E0DFC6-C6E4-415B-A46B-105244FC9AFB}.Release|x86.Build.0 = Release|Any CPU
		{A5580700-B39E-4DB3-AE3F-54E341DCA337}.Debug|Any CPU.ActiveCfg = Debug|Any CPU
		{A5580700-B39E-4DB3-AE3F-54E341DCA337}.Debug|Any CPU.Build.0 = Debug|Any CPU
		{A5580700-B39E-4DB3-AE3F-54E341DCA337}.Debug|x64.ActiveCfg = Debug|Any CPU
		{A5580700-B39E-4DB3-AE3F-54E341DCA337}.Debug|x64.Build.0 = Debug|Any CPU
		{A5580700-B39E-4DB3-AE3F-54E341DCA337}.Debug|x86.ActiveCfg = Debug|Any CPU
		{A5580700-B39E-4DB3-AE3F-54E341DCA337}.Debug|x86.Build.0 = Debug|Any CPU
		{A5580700-B39E-4DB3-AE3F-54E341DCA337}.Release|Any CPU.ActiveCfg = Release|Any CPU
		{A5580700-B39E-4DB3-AE3F-54E341DCA337}.Release|Any CPU.Build.0 = Release|Any CPU
		{A5580700-B39E-4DB3-AE3F-54E341DCA337}.Release|x64.ActiveCfg = Release|Any CPU
		{A5580700-B39E-4DB3-AE3F-54E341DCA337}.Release|x64.Build.0 = Release|Any CPU
		{A5580700-B39E-4DB3-AE3F-54E341DCA337}.Release|x86.ActiveCfg = Release|Any CPU
		{A5580700-B39E-4DB3-AE3F-54E341DCA337}.Release|x86.Build.0 = Release|Any CPU
		{6CE7D6BB-1052-47C5-A135-11599E7DB02C}.Debug|Any CPU.ActiveCfg = Debug|Any CPU
		{6CE7D6BB-1052-47C5-A135-11599E7DB02C}.Debug|Any CPU.Build.0 = Debug|Any CPU
		{6CE7D6BB-1052-47C5-A135-11599E7DB02C}.Debug|x64.ActiveCfg = Debug|Any CPU
		{6CE7D6BB-1052-47C5-A135-11599E7DB02C}.Debug|x64.Build.0 = Debug|Any CPU
		{6CE7D6BB-1052-47C5-A135-11599E7DB02C}.Debug|x86.ActiveCfg = Debug|Any CPU
		{6CE7D6BB-1052-47C5-A135-11599E7DB02C}.Debug|x86.Build.0 = Debug|Any CPU
		{6CE7D6BB-1052-47C5-A135-11599E7DB02C}.Release|Any CPU.ActiveCfg = Release|Any CPU
		{6CE7D6BB-1052-47C5-A135-11599E7DB02C}.Release|Any CPU.Build.0 = Release|Any CPU
		{6CE7D6BB-1052-47C5-A135-11599E7DB02C}.Release|x64.ActiveCfg = Release|Any CPU
		{6CE7D6BB-1052-47C5-A135-11599E7DB02C}.Release|x64.Build.0 = Release|Any CPU
		{6CE7D6BB-1052-47C5-A135-11599E7DB02C}.Release|x86.ActiveCfg = Release|Any CPU
		{6CE7D6BB-1052-47C5-A135-11599E7DB02C}.Release|x86.Build.0 = Release|Any CPU
	EndGlobalSection
	GlobalSection(NestedProjects) = preSolution
		{7077A246-0EC1-4AC8-9DC2-2C787DF8EEF0} = {406CA9D0-0622-11EB-BFD0-4F1441275F1F}
		{E5E0DFC6-C6E4-415B-A46B-105244FC9AFB} = {18A05EB0-0622-11EB-BFD0-4F1441275F1F}
	EndGlobalSection
EndGlobal
